
Microsoft Visual Studio Solution File, Format Version 12.00
# Visual Studio 15
VisualStudioVersion = 15.0.27428.2005
MinimumVisualStudioVersion = 10.0.40219.1
Project("{FAE04EC0-301F-11D3-BF4B-00C04F79EFBC}") = "PreporukaJela", "PreporukaJela\PreporukaJela.csproj", "{DBC9C266-5BA8-4901-A3E2-861A26249C88}"
EndProject
Project("{FAE04EC0-301F-11D3-BF4B-00C04F79EFBC}") = "PreporukaJela.Tests", "PreporukaJela.Tests\PreporukaJela.Tests.csproj", "{6D5CA4DC-127F-4485-B326-7CBB4E246C22}"
EndProject
Global
	GlobalSection(SolutionConfigurationPlatforms) = preSolution
		Debug|Any CPU = Debug|Any CPU
		Release|Any CPU = Release|Any CPU
	EndGlobalSection
	GlobalSection(ProjectConfigurationPlatforms) = postSolution
		{DBC9C266-5BA8-4901-A3E2-861A26249C88}.Debug|Any CPU.ActiveCfg = Debug|Any CPU
		{DBC9C266-5BA8-4901-A3E2-861A26249C88}.Debug|Any CPU.Build.0 = Debug|Any CPU
		{DBC9C266-5BA8-4901-A3E2-861A26249C88}.Release|Any CPU.ActiveCfg = Release|Any CPU
		{DBC9C266-5BA8-4901-A3E2-861A26249C88}.Release|Any CPU.Build.0 = Release|Any CPU
		{6D5CA4DC-127F-4485-B326-7CBB4E246C22}.Debug|Any CPU.ActiveCfg = Debug|Any CPU
		{6D5CA4DC-127F-4485-B326-7CBB4E246C22}.Debug|Any CPU.Build.0 = Debug|Any CPU
		{6D5CA4DC-127F-4485-B326-7CBB4E246C22}.Release|Any CPU.ActiveCfg = Release|Any CPU
		{6D5CA4DC-127F-4485-B326-7CBB4E246C22}.Release|Any CPU.Build.0 = Release|Any CPU
	EndGlobalSection
	GlobalSection(SolutionProperties) = preSolution
		HideSolutionNode = FALSE
	EndGlobalSection
	GlobalSection(ExtensibilityGlobals) = postSolution
		SolutionGuid = {3D2D251B-26C8-4202-8178-D1EBA9368D46}
	EndGlobalSection
EndGlobal
